
Microsoft Visual Studio Solution File, Format Version 12.00
# Visual Studio Version 17
VisualStudioVersion = 17.6.33723.286
MinimumVisualStudioVersion = 10.0.40219.1
Project("{FAE04EC0-301F-11D3-BF4B-00C04F79EFBC}") = "Cobra", "Cobra\Cobra.csproj", "{F9512174-ECD0-4621-8113-030631BF78AE}"
EndProject
Global
	GlobalSection(SolutionConfigurationPlatforms) = preSolution
		Debug|Any CPU = Debug|Any CPU
		Release|Any CPU = Release|Any CPU
	EndGlobalSection
	GlobalSection(ProjectConfigurationPlatforms) = postSolution
		{F9512174-ECD0-4621-8113-030631BF78AE}.Debug|Any CPU.ActiveCfg = Debug|Any CPU
		{F9512174-ECD0-4621-8113-030631BF78AE}.Debug|Any CPU.Build.0 = Debug|Any CPU
		{F9512174-ECD0-4621-8113-030631BF78AE}.Release|Any CPU.ActiveCfg = Release|Any CPU
		{F9512174-ECD0-4621-8113-030631BF78AE}.Release|Any CPU.Build.0 = Release|Any CPU
	EndGlobalSection
	GlobalSection(SolutionProperties) = preSolution
		HideSolutionNode = FALSE
	EndGlobalSection
	GlobalSection(ExtensibilityGlobals) = postSolution
		SolutionGuid = {6EDCFA11-71A8-4397-B99B-E03E68894C43}
	EndGlobalSection
EndGlobal
